
Microsoft Visual Studio Solution File, Format Version 12.00
# Visual Studio Version 16
VisualStudioVersion = 16.0.31624.102
MinimumVisualStudioVersion = 10.0.40219.1
Project("{9A19103F-16F7-4668-BE54-9A1E7A4F7556}") = "lab11", "lab11\lab11.csproj", "{C16BEEB7-5165-4040-9924-F51DDFEBC8CA}"
EndProject
Project("{FAE04EC0-301F-11D3-BF4B-00C04F79EFBC}") = "lab_03", "lab_03\lab_03.csproj", "{E783CE22-3877-41C5-B467-CC0BA6A2FDA2}"
EndProject
Project("{FAE04EC0-301F-11D3-BF4B-00C04F79EFBC}") = "labb_03_zad3", "labb_03_zad3\labb_03_zad3.csproj", "{08AED0A0-42CA-4917-BE60-9587A40526E2}"
EndProject
Global
	GlobalSection(SolutionConfigurationPlatforms) = preSolution
		Debug|Any CPU = Debug|Any CPU
		Release|Any CPU = Release|Any CPU
	EndGlobalSection
	GlobalSection(ProjectConfigurationPlatforms) = postSolution
		{C16BEEB7-5165-4040-9924-F51DDFEBC8CA}.Debug|Any CPU.ActiveCfg = Debug|Any CPU
		{C16BEEB7-5165-4040-9924-F51DDFEBC8CA}.Debug|Any CPU.Build.0 = Debug|Any CPU
		{C16BEEB7-5165-4040-9924-F51DDFEBC8CA}.Release|Any CPU.ActiveCfg = Release|Any CPU
		{C16BEEB7-5165-4040-9924-F51DDFEBC8CA}.Release|Any CPU.Build.0 = Release|Any CPU
		{E783CE22-3877-41C5-B467-CC0BA6A2FDA2}.Debug|Any CPU.ActiveCfg = Debug|Any CPU
		{E783CE22-3877-41C5-B467-CC0BA6A2FDA2}.Debug|Any CPU.Build.0 = Debug|Any CPU
		{E783CE22-3877-41C5-B467-CC0BA6A2FDA2}.Release|Any CPU.ActiveCfg = Release|Any CPU
		{E783CE22-3877-41C5-B467-CC0BA6A2FDA2}.Release|Any CPU.Build.0 = Release|Any CPU
		{08AED0A0-42CA-4917-BE60-9587A40526E2}.Debug|Any CPU.ActiveCfg = Debug|Any CPU
		{08AED0A0-42CA-4917-BE60-9587A40526E2}.Debug|Any CPU.Build.0 = Debug|Any CPU
		{08AED0A0-42CA-4917-BE60-9587A40526E2}.Release|Any CPU.ActiveCfg = Release|Any CPU
		{08AED0A0-42CA-4917-BE60-9587A40526E2}.Release|Any CPU.Build.0 = Release|Any CPU
	EndGlobalSection
	GlobalSection(SolutionProperties) = preSolution
		HideSolutionNode = FALSE
	EndGlobalSection
	GlobalSection(ExtensibilityGlobals) = postSolution
		SolutionGuid = {E7658C4E-08C7-4E30-AC60-5CB3217F06D6}
	EndGlobalSection
EndGlobal
