
Microsoft Visual Studio Solution File, Format Version 12.00
# Visual Studio Version 16
VisualStudioVersion = 16.0.31624.102
MinimumVisualStudioVersion = 10.0.40219.1
Project("{FAE04EC0-301F-11D3-BF4B-00C04F79EFBC}") = "algorytmy - 17.05", "algorytmy - 17.05\algorytmy - 17.05.csproj", "{29DF9094-60F3-4611-9B13-3AC5F51C38D0}"
EndProject
Global
	GlobalSection(SolutionConfigurationPlatforms) = preSolution
		Debug|Any CPU = Debug|Any CPU
		Release|Any CPU = Release|Any CPU
	EndGlobalSection
	GlobalSection(ProjectConfigurationPlatforms) = postSolution
		{29DF9094-60F3-4611-9B13-3AC5F51C38D0}.Debug|Any CPU.ActiveCfg = Debug|Any CPU
		{29DF9094-60F3-4611-9B13-3AC5F51C38D0}.Debug|Any CPU.Build.0 = Debug|Any CPU
		{29DF9094-60F3-4611-9B13-3AC5F51C38D0}.Release|Any CPU.ActiveCfg = Release|Any CPU
		{29DF9094-60F3-4611-9B13-3AC5F51C38D0}.Release|Any CPU.Build.0 = Release|Any CPU
	EndGlobalSection
	GlobalSection(SolutionProperties) = preSolution
		HideSolutionNode = FALSE
	EndGlobalSection
	GlobalSection(ExtensibilityGlobals) = postSolution
		SolutionGuid = {3CAE9612-C9BC-4F10-9139-CF1CC5A9C1D7}
	EndGlobalSection
EndGlobal
